
Microsoft Visual Studio Solution File, Format Version 12.00
# Visual Studio Version 17
VisualStudioVersion = 17.7.34031.279
MinimumVisualStudioVersion = 10.0.40219.1
Project("{FAE04EC0-301F-11D3-BF4B-00C04F79EFBC}") = "FingerPrintATM", "FingerPrintATM.csproj", "{EAEA976B-0559-489C-A3A9-A96739AAC967}"
EndProject
Global
	GlobalSection(SolutionConfigurationPlatforms) = preSolution
		Debug|Any CPU = Debug|Any CPU
		Release|Any CPU = Release|Any CPU
	EndGlobalSection
	GlobalSection(ProjectConfigurationPlatforms) = postSolution
		{EAEA976B-0559-489C-A3A9-A96739AAC967}.Debug|Any CPU.ActiveCfg = Debug|Any CPU
		{EAEA976B-0559-489C-A3A9-A96739AAC967}.Debug|Any CPU.Build.0 = Debug|Any CPU
		{EAEA976B-0559-489C-A3A9-A96739AAC967}.Release|Any CPU.ActiveCfg = Release|Any CPU
		{EAEA976B-0559-489C-A3A9-A96739AAC967}.Release|Any CPU.Build.0 = Release|Any CPU
	EndGlobalSection
	GlobalSection(SolutionProperties) = preSolution
		HideSolutionNode = FALSE
	EndGlobalSection
	GlobalSection(ExtensibilityGlobals) = postSolution
		SolutionGuid = {A37A97F4-B136-4C86-A97E-45C55A0CF21B}
	EndGlobalSection
EndGlobal
